
Microsoft Visual Studio Solution File, Format Version 12.00
# Visual Studio Version 17
VisualStudioVersion = 17.13.35825.156 d17.13
MinimumVisualStudioVersion = 10.0.40219.1
Project("{FAE04EC0-301F-11D3-BF4B-00C04F79EFBC}") = "CyberAiOpenChat", "CyberAiOpenChat.csproj", "{D2820E27-6DFA-40E5-BFBE-C9CEF0AA79DC}"
EndProject
Global
	GlobalSection(SolutionConfigurationPlatforms) = preSolution
		Debug|Any CPU = Debug|Any CPU
		Release|Any CPU = Release|Any CPU
	EndGlobalSection
	GlobalSection(ProjectConfigurationPlatforms) = postSolution
		{D2820E27-6DFA-40E5-BFBE-C9CEF0AA79DC}.Debug|Any CPU.ActiveCfg = Debug|Any CPU
		{D2820E27-6DFA-40E5-BFBE-C9CEF0AA79DC}.Debug|Any CPU.Build.0 = Debug|Any CPU
		{D2820E27-6DFA-40E5-BFBE-C9CEF0AA79DC}.Release|Any CPU.ActiveCfg = Release|Any CPU
		{D2820E27-6DFA-40E5-BFBE-C9CEF0AA79DC}.Release|Any CPU.Build.0 = Release|Any CPU
	EndGlobalSection
	GlobalSection(SolutionProperties) = preSolution
		HideSolutionNode = FALSE
	EndGlobalSection
	GlobalSection(ExtensibilityGlobals) = postSolution
		SolutionGuid = {537EB6D2-A44E-4425-A4E5-09EECD6E1175}
	EndGlobalSection
EndGlobal
